
Microsoft Visual Studio Solution File, Format Version 12.00
# Visual Studio 15
VisualStudioVersion = 15.0.28307.329
MinimumVisualStudioVersion = 10.0.40219.1
Project("{FAE04EC0-301F-11D3-BF4B-00C04F79EFBC}") = "ASP_Core_hw_EmailClient_RazorPages", "ASP_Core_hw_EmailClient_RazorPages\ASP_Core_hw_EmailClient_RazorPages.csproj", "{7BFF3184-D141-4E75-9252-B476DDF42457}"
EndProject
Project("{FAE04EC0-301F-11D3-BF4B-00C04F79EFBC}") = "Models", "Models\Models.csproj", "{157FB5D2-D9D1-47BB-82B9-5642F745C3E7}"
EndProject
Global
	GlobalSection(SolutionConfigurationPlatforms) = preSolution
		Debug|Any CPU = Debug|Any CPU
		Release|Any CPU = Release|Any CPU
	EndGlobalSection
	GlobalSection(ProjectConfigurationPlatforms) = postSolution
		{7BFF3184-D141-4E75-9252-B476DDF42457}.Debug|Any CPU.ActiveCfg = Debug|Any CPU
		{7BFF3184-D141-4E75-9252-B476DDF42457}.Debug|Any CPU.Build.0 = Debug|Any CPU
		{7BFF3184-D141-4E75-9252-B476DDF42457}.Release|Any CPU.ActiveCfg = Release|Any CPU
		{7BFF3184-D141-4E75-9252-B476DDF42457}.Release|Any CPU.Build.0 = Release|Any CPU
		{157FB5D2-D9D1-47BB-82B9-5642F745C3E7}.Debug|Any CPU.ActiveCfg = Debug|Any CPU
		{157FB5D2-D9D1-47BB-82B9-5642F745C3E7}.Debug|Any CPU.Build.0 = Debug|Any CPU
		{157FB5D2-D9D1-47BB-82B9-5642F745C3E7}.Release|Any CPU.ActiveCfg = Release|Any CPU
		{157FB5D2-D9D1-47BB-82B9-5642F745C3E7}.Release|Any CPU.Build.0 = Release|Any CPU
	EndGlobalSection
	GlobalSection(SolutionProperties) = preSolution
		HideSolutionNode = FALSE
	EndGlobalSection
	GlobalSection(ExtensibilityGlobals) = postSolution
		SolutionGuid = {771CC79F-49EB-43E3-A503-3972CD463B6F}
	EndGlobalSection
EndGlobal
